
Microsoft Visual Studio Solution File, Format Version 12.00
# Visual Studio Version 16
VisualStudioVersion = 16.0.29509.3
MinimumVisualStudioVersion = 10.0.40219.1
Project("{FAE04EC0-301F-11D3-BF4B-00C04F79EFBC}") = "TesteTryCatch", "TesteTryCatch.csproj", "{A1456BE0-163F-4AD9-9467-2DAB09C81135}"
EndProject
Global
	GlobalSection(SolutionConfigurationPlatforms) = preSolution
		Debug|Any CPU = Debug|Any CPU
		Release|Any CPU = Release|Any CPU
	EndGlobalSection
	GlobalSection(ProjectConfigurationPlatforms) = postSolution
		{A1456BE0-163F-4AD9-9467-2DAB09C81135}.Debug|Any CPU.ActiveCfg = Debug|Any CPU
		{A1456BE0-163F-4AD9-9467-2DAB09C81135}.Debug|Any CPU.Build.0 = Debug|Any CPU
		{A1456BE0-163F-4AD9-9467-2DAB09C81135}.Release|Any CPU.ActiveCfg = Release|Any CPU
		{A1456BE0-163F-4AD9-9467-2DAB09C81135}.Release|Any CPU.Build.0 = Release|Any CPU
	EndGlobalSection
	GlobalSection(SolutionProperties) = preSolution
		HideSolutionNode = FALSE
	EndGlobalSection
	GlobalSection(ExtensibilityGlobals) = postSolution
		SolutionGuid = {A04CF2E6-D0F2-4847-AB19-35EB5DE4E75F}
	EndGlobalSection
EndGlobal
